// !$*UTF8*$!
{
	archiveVersion = 1;
	classes = {
	};
	objectVersion = 48;
	objects = {

/* Begin PBXBuildFile section */
		04343064200EF1E800C10E87 /* MainOrderViewController.swift in Sources */ = {isa = PBXBuildFile; fileRef = 04343063200EF1E800C10E87 /* MainOrderViewController.swift */; };
		04343066200EF68700C10E87 /* DrinkData.swift in Sources */ = {isa = PBXBuildFile; fileRef = 04343065200EF68700C10E87 /* DrinkData.swift */; };
		04343068200EFD4C00C10E87 /* DrinksViewController.swift in Sources */ = {isa = PBXBuildFile; fileRef = 04343067200EFD4C00C10E87 /* DrinksViewController.swift */; };
		0434306A200F255A00C10E87 /* CheckOutViewController.swift in Sources */ = {isa = PBXBuildFile; fileRef = 04343069200F255A00C10E87 /* CheckOutViewController.swift */; };
		04E1B5CA200EED2100F9137B /* AppDelegate.swift in Sources */ = {isa = PBXBuildFile; fileRef = 04E1B5C9200EED2100F9137B /* AppDelegate.swift */; };
		04E1B5CF200EED2100F9137B /* Main.storyboard in Resources */ = {isa = PBXBuildFile; fileRef = 04E1B5CD200EED2100F9137B /* Main.storyboard */; };
		04E1B5D1200EED2100F9137B /* Assets.xcassets in Resources */ = {isa = PBXBuildFile; fileRef = 04E1B5D0200EED2100F9137B /* Assets.xcassets */; };
		04E1B5D4200EED2100F9137B /* LaunchScreen.storyboard in Resources */ = {isa = PBXBuildFile; fileRef = 04E1B5D2200EED2100F9137B /* LaunchScreen.storyboard */; };
/* End PBXBuildFile section */

/* Begin PBXFileReference section */
		04343063200EF1E800C10E87 /* MainOrderViewController.swift */ = {isa = PBXFileReference; lastKnownFileType = sourcecode.swift; path = MainOrderViewController.swift; sourceTree = "<group>"; };
		04343065200EF68700C10E87 /* DrinkData.swift */ = {isa = PBXFileReference; lastKnownFileType = sourcecode.swift; path = DrinkData.swift; sourceTree = "<group>"; };
		04343067200EFD4C00C10E87 /* DrinksViewController.swift */ = {isa = PBXFileReference; lastKnownFileType = sourcecode.swift; path = DrinksViewController.swift; sourceTree = "<group>"; };
		04343069200F255A00C10E87 /* CheckOutViewController.swift */ = {isa = PBXFileReference; lastKnownFileType = sourcecode.swift; path = CheckOutViewController.swift; sourceTree = "<group>"; };
		04E1B5C6200EED2100F9137B /* OderDrink.app */ = {isa = PBXFileReference; explicitFileType = wrapper.application; includeInIndex = 0; path = OderDrink.app; sourceTree = BUILT_PRODUCTS_DIR; };
		04E1B5C9200EED2100F9137B /* AppDelegate.swift */ = {isa = PBXFileReference; lastKnownFileType = sourcecode.swift; path = AppDelegate.swift; sourceTree = "<group>"; };
		04E1B5CE200EED2100F9137B /* Base */ = {isa = PBXFileReference; lastKnownFileType = file.storyboard; name = Base; path = Base.lproj/Main.storyboard; sourceTree = "<group>"; };
		04E1B5D0200EED2100F9137B /* Assets.xcassets */ = {isa = PBXFileReference; lastKnownFileType = folder.assetcatalog; path = Assets.xcassets; sourceTree = "<group>"; };
		04E1B5D3200EED2100F9137B /* Base */ = {isa = PBXFileReference; lastKnownFileType = file.storyboard; name = Base; path = Base.lproj/LaunchScreen.storyboard; sourceTree = "<group>"; };
		04E1B5D5200EED2100F9137B /* Info.plist */ = {isa = PBXFileReference; lastKnownFileType = text.plist.xml; path = Info.plist; sourceTree = "<group>"; };
/* End PBXFileReference section */

/* Begin PBXFrameworksBuildPhase section */
		04E1B5C3200EED2100F9137B /* Frameworks */ = {
			isa = PBXFrameworksBuildPhase;
			buildActionMask = 2147483647;
			files = (
			);
			runOnlyForDeploymentPostprocessing = 0;
		};
/* End PBXFrameworksBuildPhase section */

/* Begin PBXGroup section */
		04E1B5BD200EED2100F9137B = {
			isa = PBXGroup;
			children = (
				04E1B5C8200EED2100F9137B /* OderDrink */,
				04E1B5C7200EED2100F9137B /* Products */,
			);
			sourceTree = "<group>";
		};
		04E1B5C7200EED2100F9137B /* Products */ = {
			isa = PBXGroup;
			children = (
				04E1B5C6200EED2100F9137B /* OderDrink.app */,
			);
			name = Products;
			sourceTree = "<group>";
		};
		04E1B5C8200EED2100F9137B /* OderDrink */ = {
			isa = PBXGroup;
			children = (
				04E1B5C9200EED2100F9137B /* AppDelegate.swift */,
				04E1B5CD200EED2100F9137B /* Main.storyboard */,
				04343069200F255A00C10E87 /* CheckOutViewController.swift */,
				04343067200EFD4C00C10E87 /* DrinksViewController.swift */,
				04343065200EF68700C10E87 /* DrinkData.swift */,
				04343063200EF1E800C10E87 /* MainOrderViewController.swift */,
				04E1B5D0200EED2100F9137B /* Assets.xcassets */,
				04E1B5D2200EED2100F9137B /* LaunchScreen.storyboard */,
				04E1B5D5200EED2100F9137B /* Info.plist */,
			);
			path = OderDrink;
			sourceTree = "<group>";
		};
/* End PBXGroup section */

/* Begin PBXNativeTarget section */
		04E1B5C5200EED2100F9137B /* OderDrink */ = {
			isa = PBXNativeTarget;
			buildConfigurationList = 04E1B5D8200EED2100F9137B /* Build configuration list for PBXNativeTarget "OderDrink" */;
			buildPhases = (
				04E1B5C2200EED2100F9137B /* Sources */,
				04E1B5C3200EED2100F9137B /* Frameworks */,
				04E1B5C4200EED2100F9137B /* Resources */,
			);
			buildRules = (
			);
			dependencies = (
			);
			name = OderDrink;
			productName = OderDrink;
			productReference = 04E1B5C6200EED2100F9137B /* OderDrink.app */;
			productType = "com.apple.product-type.application";
		};
/* End PBXNativeTarget section */

/* Begin PBXProject section */
		04E1B5BE200EED2100F9137B /* Project object */ = {
			isa = PBXProject;
			attributes = {
				LastSwiftUpdateCheck = 0920;
				LastUpgradeCheck = 0920;
				ORGANIZATIONNAME = "胡靜諭";
				TargetAttributes = {
					04E1B5C5200EED2100F9137B = {
						CreatedOnToolsVersion = 9.2;
						ProvisioningStyle = Automatic;
					};
				};
			};
			buildConfigurationList = 04E1B5C1200EED2100F9137B /* Build configuration list for PBXProject "OderDrink" */;
			compatibilityVersion = "Xcode 8.0";
			developmentRegion = en;
			hasScannedForEncodings = 0;
			knownRegions = (
				en,
				Base,
			);
			mainGroup = 04E1B5BD200EED2100F9137B;
			productRefGroup = 04E1B5C7200EED2100F9137B /* Products */;
			projectDirPath = "";
			projectRoot = "";
			targets = (
				04E1B5C5200EED2100F9137B /* OderDrink */,
			);
		};
/* End PBXProject section */

/* Begin PBXResourcesBuildPhase section */
		04E1B5C4200EED2100F9137B /* Resources */ = {
			isa = PBXResourcesBuildPhase;
			buildActionMask = 2147483647;
			files = (
				04E1B5D4200EED2100F9137B /* LaunchScreen.storyboard in Resources */,
				04E1B5D1200EED2100F9137B /* Assets.xcassets in Resources */,
				04E1B5CF200EED2100F9137B /* Main.storyboard in Resources */,
			);
			runOnlyForDeploymentPostprocessing = 0;
		};
/* End PBXResourcesBuildPhase section */

/* Begin PBXSourcesBuildPhase section */
		04E1B5C2200EED2100F9137B /* Sources */ = {
			isa = PBXSourcesBuildPhase;
			buildActionMask = 2147483647;
			files = (
				04E1B5CA200EED2100F9137B /* AppDelegate.swift in Sources */,
				0434306A200F255A00C10E87 /* CheckOutViewController.swift in Sources */,
				04343064200EF1E800C10E87 /* MainOrderViewController.swift in Sources */,
				04343066200EF68700C10E87 /* DrinkData.swift in Sources */,
				04343068200EFD4C00C10E87 /* DrinksViewController.swift in Sources */,
			);
			runOnlyForDeploymentPostprocessing = 0;
		};
/* End PBXSourcesBuildPhase section */

/* Begin PBXVariantGroup section */
		04E1B5CD200EED2100F9137B /* Main.storyboard */ = {
			isa = PBXVariantGroup;
			children = (
				04E1B5CE200EED2100F9137B /* Base */,
			);
			name = Main.storyboard;
			sourceTree = "<group>";
		};
		04E1B5D2200EED2100F9137B /* LaunchScreen.storyboard */ = {
			isa = PBXVariantGroup;
			children = (
				04E1B5D3200EED2100F9137B /* Base */,
			);
			name = LaunchScreen.storyboard;
			sourceTree = "<group>";
		};
/* End PBXVariantGroup section */

/* Begin XCBuildConfiguration section */
		04E1B5D6200EED2100F9137B /* Debug */ = {
			isa = XCBuildConfiguration;
			buildSettings = {
				ALWAYS_SEARCH_USER_PATHS = NO;
				CLANG_ANALYZER_NONNULL = YES;
				CLANG_ANALYZER_NUMBER_OBJECT_CONVERSION = YES_AGGRESSIVE;
				CLANG_CXX_LANGUAGE_STANDARD = "gnu++14";
				CLANG_CXX_LIBRARY = "libc++";
				CLANG_ENABLE_MODULES = YES;
				CLANG_ENABLE_OBJC_ARC = YES;
				CLANG_WARN_BLOCK_CAPTURE_AUTORELEASING = YES;
				CLANG_WARN_BOOL_CONVERSION = YES;
				CLANG_WARN_COMMA = YES;
				CLANG_WARN_CONSTANT_CONVERSION = YES;
				CLANG_WARN_DIRECT_OBJC_ISA_USAGE = YES_ERROR;
				CLANG_WARN_DOCUMENTATION_COMMENTS = YES;
				CLANG_WARN_EMPTY_BODY = YES;
				CLANG_WARN_ENUM_CONVERSION = YES;
				CLANG_WARN_INFINITE_RECURSION = YES;
				CLANG_WARN_INT_CONVERSION = YES;
				CLANG_WARN_NON_LITERAL_NULL_CONVERSION = YES;
				CLANG_WARN_OBJC_LITERAL_CONVERSION = YES;
				CLANG_WARN_OBJC_ROOT_CLASS = YES_ERROR;
				CLANG_WARN_RANGE_LOOP_ANALYSIS = YES;
				CLANG_WARN_STRICT_PROTOTYPES = YES;
				CLANG_WARN_SUSPICIOUS_MOVE = YES;
				CLANG_WARN_UNGUARDED_AVAILABILITY = YES_AGGRESSIVE;
				CLANG_WARN_UNREACHABLE_CODE = YES;
				CLANG_WARN__DUPLICATE_METHOD_MATCH = YES;
				CODE_SIGN_IDENTITY = "iPhone Developer";
				COPY_PHASE_STRIP = NO;
				DEBUG_INFORMATION_FORMAT = dwarf;
				ENABLE_STRICT_OBJC_MSGSEND = YES;
				ENABLE_TESTABILITY = YES;
				GCC_C_LANGUAGE_STANDARD = gnu11;
				GCC_DYNAMIC_NO_PIC = NO;
				GCC_NO_COMMON_BLOCKS = YES;
				GCC_OPTIMIZATION_LEVEL = 0;
				GCC_PREPROCESSOR_DEFINITIONS = (
					"DEBUG=1",
					"$(inherited)",
				);
				GCC_WARN_64_TO_32_BIT_CONVERSION = YES;
				GCC_WARN_ABOUT_RETURN_TYPE = YES_ERROR;
				GCC_WARN_UNDECLARED_SELECTOR = YES;
				GCC_WARN_UNINITIALIZED_AUTOS = YES_AGGRESSIVE;
				GCC_WARN_UNUSED_FUNCTION = YES;
				GCC_WARN_UNUSED_VARIABLE = YES;
				IPHONEOS_DEPLOYMENT_TARGET = 11.2;
				MTL_ENABLE_DEBUG_INFO = YES;
				ONLY_ACTIVE_ARCH = YES;
				SDKROOT = iphoneos;
				SWIFT_ACTIVE_COMPILATION_CONDITIONS = DEBUG;
				SWIFT_OPTIMIZATION_LEVEL = "-Onone";
			};
			name = Debug;
		};
		04E1B5D7200EED2100F9137B /* Release */ = {
			isa = XCBuildConfiguration;
			buildSettings = {
				ALWAYS_SEARCH_USER_PATHS = NO;
				CLANG_ANALYZER_NONNULL = YES;
				CLANG_ANALYZER_NUMBER_OBJECT_CONVERSION = YES_AGGRESSIVE;
				CLANG_CXX_LANGUAGE_STANDARD = "gnu++14";
				CLANG_CXX_LIBRARY = "libc++";
				CLANG_ENABLE_MODULES = YES;
				CLANG_ENABLE_OBJC_ARC = YES;
				CLANG_WARN_BLOCK_CAPTURE_AUTORELEASING = YES;
				CLANG_WARN_BOOL_CONVERSION = YES;
				CLANG_WARN_COMMA = YES;
				CLANG_WARN_CONSTANT_CONVERSION = YES;
				CLANG_WARN_DIRECT_OBJC_ISA_USAGE = YES_ERROR;
				CLANG_WARN_DOCUMENTATION_COMMENTS = YES;
				CLANG_WARN_EMPTY_BODY = YES;
				CLANG_WARN_ENUM_CONVERSION = YES;
				CLANG_WARN_INFINITE_RECURSION = YES;
				CLANG_WARN_INT_CONVERSION = YES;
				CLANG_WARN_NON_LITERAL_NULL_CONVERSION = YES;
				CLANG_WARN_OBJC_LITERAL_CONVERSION = YES;
				CLANG_WARN_OBJC_ROOT_CLASS = YES_ERROR;
				CLANG_WARN_RANGE_LOOP_ANALYSIS = YES;
				CLANG_WARN_STRICT_PROTOTYPES = YES;
				CLANG_WARN_SUSPICIOUS_MOVE = YES;
				CLANG_WARN_UNGUARDED_AVAILABILITY = YES_AGGRESSIVE;
				CLANG_WARN_UNREACHABLE_CODE = YES;
				CLANG_WARN__DUPLICATE_METHOD_MATCH = YES;
				CODE_SIGN_IDENTITY = "iPhone Developer";
				COPY_PHASE_STRIP = NO;
				DEBUG_INFORMATION_FORMAT = "dwarf-with-dsym";
				ENABLE_NS_ASSERTIONS = NO;
				ENABLE_STRICT_OBJC_MSGSEND = YES;
				GCC_C_LANGUAGE_STANDARD = gnu11;
				GCC_NO_COMMON_BLOCKS = YES;
				GCC_WARN_64_TO_32_BIT_CONVERSION = YES;
				GCC_WARN_ABOUT_RETURN_TYPE = YES_ERROR;
				GCC_WARN_UNDECLARED_SELECTOR = YES;
				GCC_WARN_UNINITIALIZED_AUTOS = YES_AGGRESSIVE;
				GCC_WARN_UNUSED_FUNCTION = YES;
				GCC_WARN_UNUSED_VARIABLE = YES;
				IPHONEOS_DEPLOYMENT_TARGET = 11.2;
				MTL_ENABLE_DEBUG_INFO = NO;
				SDKROOT = iphoneos;
				SWIFT_OPTIMIZATION_LEVEL = "-Owholemodule";
				VALIDATE_PRODUCT = YES;
			};
			name = Release;
		};
		04E1B5D9200EED2100F9137B /* Debug */ = {
			isa = XCBuildConfiguration;
			buildSettings = {
				ASSETCATALOG_COMPILER_APPICON_NAME = AppIcon;
				CODE_SIGN_STYLE = Automatic;
				INFOPLIST_FILE = OderDrink/Info.plist;
				LD_RUNPATH_SEARCH_PATHS = "$(inherited) @executable_path/Frameworks";
				PRODUCT_BUNDLE_IDENTIFIER = com.freya.OderDrink;
				PRODUCT_NAME = "$(TARGET_NAME)";
				SWIFT_VERSION = 4.0;
				TARGETED_DEVICE_FAMILY = "1,2";
			};
			name = Debug;
		};
		04E1B5DA200EED2100F9137B /* Release */ = {
			isa = XCBuildConfiguration;
			buildSettings = {
				ASSETCATALOG_COMPILER_APPICON_NAME = AppIcon;
				CODE_SIGN_STYLE = Automatic;
				INFOPLIST_FILE = OderDrink/Info.plist;
				LD_RUNPATH_SEARCH_PATHS = "$(inherited) @executable_path/Frameworks";
				PRODUCT_BUNDLE_IDENTIFIER = com.freya.OderDrink;
				PRODUCT_NAME = "$(TARGET_NAME)";
				SWIFT_VERSION = 4.0;
				TARGETED_DEVICE_FAMILY = "1,2";
			};
			name = Release;
		};
/* End XCBuildConfiguration section */

/* Begin XCConfigurationList section */
		04E1B5C1200EED2100F9137B /* Build configuration list for PBXProject "OderDrink" */ = {
			isa = XCConfigurationList;
			buildConfigurations = (
				04E1B5D6200EED2100F9137B /* Debug */,
				04E1B5D7200EED2100F9137B /* Release */,
			);
			defaultConfigurationIsVisible = 0;
			defaultConfigurationName = Release;
		};
		04E1B5D8200EED2100F9137B /* Build configuration list for PBXNativeTarget "OderDrink" */ = {
			isa = XCConfigurationList;
			buildConfigurations = (
				04E1B5D9200EED2100F9137B /* Debug */,
				04E1B5DA200EED2100F9137B /* Release */,
			);
			defaultConfigurationIsVisible = 0;
			defaultConfigurationName = Release;
		};
/* End XCConfigurationList section */
	};
	rootObject = 04E1B5BE200EED2100F9137B /* Project object */;
}
